<?xml version="1.0" encoding="utf-8"?>
<Project ToolsVersion="4.0" xmlns="http://schemas.microsoft.com/developer/msbuild/2003">
  <ItemGroup>
    <Filter Include="소스 파일">
      <UniqueIdentifier>{4FC737F1-C7A5-4376-A066-2A32D752A2FF}</UniqueIdentifier>
      <Extensions>cpp;c;cc;cxx;c++;cppm;ixx;def;odl;idl;hpj;bat;asm;asmx</Extensions>
    </Filter>
    <Filter Include="헤더 파일">
      <UniqueIdentifier>{93995380-89BD-4b04-88EB-625FBE52EBFB}</UniqueIdentifier>
      <Extensions>h;hh;hpp;hxx;h++;hm;inl;inc;ipp;xsd</Extensions>
    </Filter>
    <Filter Include="리소스 파일">
      <UniqueIdentifier>{67DA6AB6-F800-4c08-8B7A-83BB121AAD01}</UniqueIdentifier>
      <Extensions>rc;ico;cur;bmp;dlg;rc2;rct;bin;rgs;gif;jpg;jpeg;jpe;resx;tiff;tif;png;wav;mfcribbon-ms</Extensions>
    </Filter>
    <Filter Include="GameCpp">
      <UniqueIdentifier>{ac477bcf-40af-4c05-9c81-46ed68dd2ea0}</UniqueIdentifier>
    </Filter>
    <Filter Include="TextureLoad">
      <UniqueIdentifier>{7a2a142c-3beb-4d3a-a2a3-c2e15c6ce7a2}</UniqueIdentifier>
    </Filter>
    <Filter Include="GameBasicCpp">
      <UniqueIdentifier>{1d4425f4-50c4-4a41-ba07-368a4fa78bbf}</UniqueIdentifier>
    </Filter>
    <Filter Include="GameBasicHeader">
      <UniqueIdentifier>{27a90f9d-876a-4769-8f80-fffdda0aba9a}</UniqueIdentifier>
    </Filter>
    <Filter Include="GameCpp\GameManagerCpp">
      <UniqueIdentifier>{e929e6e4-9085-4b9d-9f6a-f40ca11f3be2}</UniqueIdentifier>
    </Filter>
    <Filter Include="GameCpp\GameAiCpp">
      <UniqueIdentifier>{e80a4c7e-9fa5-47e5-9110-18406c5e8744}</UniqueIdentifier>
    </Filter>
    <Filter Include="GameCpp\GameAiCpp\NavigationHeader">
      <UniqueIdentifier>{fd71be07-c37d-490e-baa5-0a9eb800842e}</UniqueIdentifier>
    </Filter>
    <Filter Include="GameCpp\GameAiCpp\GoalCpp">
      <UniqueIdentifier>{bb69ec09-c70e-45a7-8d3a-b3c0c931c5fc}</UniqueIdentifier>
    </Filter>
    <Filter Include="GameHeader">
      <UniqueIdentifier>{79c47a10-f48a-46c1-b2f7-d6b39892d976}</UniqueIdentifier>
    </Filter>
    <Filter Include="GameHeader\GameManagerHeader">
      <UniqueIdentifier>{946bcad3-6b7b-42fc-ada6-27955cfe7d08}</UniqueIdentifier>
    </Filter>
    <Filter Include="GameHeader\GameAiHeader">
      <UniqueIdentifier>{b41ae8f0-ca24-4a10-a9fb-2a0c4b0df968}</UniqueIdentifier>
    </Filter>
    <Filter Include="GameHeader\GameAiHeader\NevigationHeader">
      <UniqueIdentifier>{9cba5e4c-6f28-4a8a-b680-437a2afebaaa}</UniqueIdentifier>
    </Filter>
    <Filter Include="GameHeader\GameAiHeader\GoalHeader">
      <UniqueIdentifier>{1384f0b6-9432-41cf-897d-41d65148807d}</UniqueIdentifier>
    </Filter>
    <Filter Include="GameCpp\GameSceneCpp">
      <UniqueIdentifier>{f5b2edab-ac92-409f-af3e-e9ff931836fe}</UniqueIdentifier>
    </Filter>
    <Filter Include="GameHeader\GameSceneHeader">
      <UniqueIdentifier>{861d1e64-f773-40f0-a259-8d080ff20e9b}</UniqueIdentifier>
    </Filter>
    <Filter Include="GameCpp\GameAiCpp\GoalCpp\CompositeGoalCpp">
      <UniqueIdentifier>{ba3d9c0a-e857-492b-a9a9-a2bc02db3aa6}</UniqueIdentifier>
    </Filter>
    <Filter Include="GameCpp\GameAiCpp\GoalCpp\SingleGoalCpp">
      <UniqueIdentifier>{1ce56107-ccce-4d58-9062-483a0c0e358e}</UniqueIdentifier>
    </Filter>
    <Filter Include="GameHeader\GameAiHeader\GoalHeader\CompositeGoalHeader">
      <UniqueIdentifier>{f57ef728-2f2d-4294-8bd0-1255f5b7e119}</UniqueIdentifier>
    </Filter>
    <Filter Include="GameHeader\GameAiHeader\GoalHeader\SingleGoalHeader">
      <UniqueIdentifier>{30029b46-08a9-4799-9384-cfc91c73a57c}</UniqueIdentifier>
    </Filter>
  </ItemGroup>
  <ItemGroup>
    <ClInclude Include="stdafx.h">
      <Filter>헤더 파일</Filter>
    </ClInclude>
    <ClInclude Include="targetver.h">
      <Filter>헤더 파일</Filter>
    </ClInclude>
    <ClInclude Include="Resource.h">
      <Filter>헤더 파일</Filter>
    </ClInclude>
    <ClInclude Include="D3Device.h">
      <Filter>헤더 파일</Filter>
    </ClInclude>
    <ClInclude Include="d3dx12.h">
      <Filter>헤더 파일</Filter>
    </ClInclude>
    <ClInclude Include="Colony.h">
      <Filter>헤더 파일</Filter>
    </ClInclude>
    <ClInclude Include="DDSTextureLoader.h">
      <Filter>TextureLoad</Filter>
    </ClInclude>
    <ClInclude Include="DDSTextureLoader12.h">
      <Filter>TextureLoad</Filter>
    </ClInclude>
    <ClInclude Include="WICTextureLoader12.h">
      <Filter>TextureLoad</Filter>
    </ClInclude>
    <ClInclude Include="ResourceManager.h">
      <Filter>GameHeader\GameManagerHeader</Filter>
    </ClInclude>
    <ClInclude Include="UserDefineType.h">
      <Filter>헤더 파일</Filter>
    </ClInclude>
    <ClInclude Include="UiManager.h">
      <Filter>GameHeader\GameManagerHeader</Filter>
    </ClInclude>
    <ClInclude Include="SceneManager.h">
      <Filter>GameHeader\GameManagerHeader</Filter>
    </ClInclude>
    <ClInclude Include="ColonyTimer.h">
      <Filter>GameBasicHeader</Filter>
    </ClInclude>
    <ClInclude Include="ColonyShader.h">
      <Filter>GameBasicHeader</Filter>
    </ClInclude>
    <ClInclude Include="ColonyMesh.h">
      <Filter>GameBasicHeader</Filter>
    </ClInclude>
    <ClInclude Include="ColonyGameObject.h">
      <Filter>GameBasicHeader</Filter>
    </ClInclude>
    <ClInclude Include="ColonyCamera.h">
      <Filter>GameBasicHeader</Filter>
    </ClInclude>
    <ClInclude Include="NevMesh.h">
      <Filter>GameHeader\GameAiHeader\NevigationHeader</Filter>
    </ClInclude>
    <ClInclude Include="NevMeshBaker.h">
      <Filter>GameHeader\GameAiHeader\NevigationHeader</Filter>
    </ClInclude>
    <ClInclude Include="PathFinder.h">
      <Filter>GameHeader\GameAiHeader\NevigationHeader</Filter>
    </ClInclude>
    <ClInclude Include="PriorityQueue.h">
      <Filter>GameHeader\GameAiHeader\NevigationHeader</Filter>
    </ClInclude>
    <ClInclude Include="GoalThink.h">
      <Filter>GameHeader\GameAiHeader\GoalHeader</Filter>
    </ClInclude>
    <ClInclude Include="AlienSpider.h">
      <Filter>GameHeader\GameSceneHeader</Filter>
    </ClInclude>
    <ClInclude Include="ColonyFramework.h">
      <Filter>GameHeader\GameSceneHeader</Filter>
    </ClInclude>
    <ClInclude Include="ColonyPlayer.h">
      <Filter>GameHeader\GameSceneHeader</Filter>
    </ClInclude>
    <ClInclude Include="ColonyQuadtree.h">
      <Filter>GameHeader\GameSceneHeader</Filter>
    </ClInclude>
    <ClInclude Include="UIControlHelper.h">
      <Filter>GameHeader\GameSceneHeader</Filter>
    </ClInclude>
    <ClInclude Include="ColonyScene.h">
      <Filter>GameHeader\GameSceneHeader</Filter>
    </ClInclude>
    <ClInclude Include="Goal.h">
      <Filter>GameHeader\GameAiHeader\GoalHeader</Filter>
    </ClInclude>
    <ClInclude Include="GoalExplore.h">
      <Filter>GameHeader\GameAiHeader\GoalHeader\CompositeGoalHeader</Filter>
    </ClInclude>
    <ClInclude Include="FollowPathGoal.h">
      <Filter>GameHeader\GameAiHeader\GoalHeader\SingleGoalHeader</Filter>
    </ClInclude>
  </ItemGroup>
  <ItemGroup>
    <ClCompile Include="Colony.cpp">
      <Filter>소스 파일</Filter>
    </ClCompile>
    <ClCompile Include="D3Device.cpp">
      <Filter>소스 파일</Filter>
    </ClCompile>
    <ClCompile Include="DDSTextureLoader.cpp">
      <Filter>TextureLoad</Filter>
    </ClCompile>
    <ClCompile Include="stdafx.cpp">
      <Filter>소스 파일</Filter>
    </ClCompile>
    <ClCompile Include="WICTextureLoader12.cpp">
      <Filter>TextureLoad</Filter>
    </ClCompile>
    <ClCompile Include="DDSTextureLoader12.cpp">
      <Filter>TextureLoad</Filter>
    </ClCompile>
    <ClCompile Include="ResourceManager.cpp">
      <Filter>GameCpp\GameManagerCpp</Filter>
    </ClCompile>
    <ClCompile Include="UiManager.cpp">
      <Filter>GameCpp\GameManagerCpp</Filter>
    </ClCompile>
    <ClCompile Include="SceneManager.cpp">
      <Filter>GameCpp\GameManagerCpp</Filter>
    </ClCompile>
    <ClCompile Include="ColonyTimer.cpp">
      <Filter>GameBasicCpp</Filter>
    </ClCompile>
    <ClCompile Include="ColonyShader.cpp">
      <Filter>GameBasicCpp</Filter>
    </ClCompile>
    <ClCompile Include="ColonyMesh.cpp">
      <Filter>GameBasicCpp</Filter>
    </ClCompile>
    <ClCompile Include="ColonyGameObject.cpp">
      <Filter>GameBasicCpp</Filter>
    </ClCompile>
    <ClCompile Include="ColonyCamera.cpp">
      <Filter>GameBasicCpp</Filter>
    </ClCompile>
    <ClCompile Include="NevMesh.cpp">
      <Filter>GameCpp\GameAiCpp\NavigationHeader</Filter>
    </ClCompile>
    <ClCompile Include="NevMeshBaker.cpp">
      <Filter>GameCpp\GameAiCpp\NavigationHeader</Filter>
    </ClCompile>
    <ClCompile Include="PathFinder.cpp">
      <Filter>GameCpp\GameAiCpp\NavigationHeader</Filter>
    </ClCompile>
    <ClCompile Include="Goal.cpp">
      <Filter>GameCpp\GameAiCpp\GoalCpp</Filter>
    </ClCompile>
    <ClCompile Include="GoalThink.cpp">
      <Filter>GameCpp\GameAiCpp\GoalCpp</Filter>
    </ClCompile>
    <ClCompile Include="ColonyScene.cpp">
      <Filter>GameCpp\GameSceneCpp</Filter>
    </ClCompile>
    <ClCompile Include="AlienSpider.cpp">
      <Filter>GameCpp\GameSceneCpp</Filter>
    </ClCompile>
    <ClCompile Include="ColonyFramework.cpp">
      <Filter>GameCpp\GameSceneCpp</Filter>
    </ClCompile>
    <ClCompile Include="ColonyPlayer.cpp">
      <Filter>GameCpp\GameSceneCpp</Filter>
    </ClCompile>
    <ClCompile Include="ColonyQuadtree.cpp">
      <Filter>GameCpp\GameSceneCpp</Filter>
    </ClCompile>
    <ClCompile Include="UIControlHelper.cpp">
      <Filter>GameCpp\GameSceneCpp</Filter>
    </ClCompile>
    <ClCompile Include="GoalExplore.cpp">
      <Filter>GameCpp\GameAiCpp\GoalCpp\CompositeGoalCpp</Filter>
    </ClCompile>
    <ClCompile Include="FollowPathGoal.cpp">
      <Filter>GameCpp\GameAiCpp\GoalCpp\SingleGoalCpp</Filter>
    </ClCompile>
  </ItemGroup>
  <ItemGroup>
    <ResourceCompile Include="Colony.rc">
      <Filter>리소스 파일</Filter>
    </ResourceCompile>
  </ItemGroup>
  <ItemGroup>
    <Image Include="small.ico">
      <Filter>리소스 파일</Filter>
    </Image>
    <Image Include="Colony.ico">
      <Filter>리소스 파일</Filter>
    </Image>
  </ItemGroup>
  <ItemGroup>
    <FxCompile Include="Shaders.hlsl" />
    <FxCompile Include="Light.hlsl" />
  </ItemGroup>
</Project>