<?xml version="1.0" encoding="utf-8"?>
<Project ToolsVersion="4.0" xmlns="http://schemas.microsoft.com/developer/msbuild/2003">
  <ItemGroup>
    <Filter Include="소스 파일">
      <UniqueIdentifier>{4FC737F1-C7A5-4376-A066-2A32D752A2FF}</UniqueIdentifier>
      <Extensions>cpp;c;cc;cxx;c++;cppm;ixx;def;odl;idl;hpj;bat;asm;asmx</Extensions>
    </Filter>
    <Filter Include="헤더 파일">
      <UniqueIdentifier>{93995380-89BD-4b04-88EB-625FBE52EBFB}</UniqueIdentifier>
      <Extensions>h;hh;hpp;hxx;h++;hm;inl;inc;ipp;xsd</Extensions>
    </Filter>
    <Filter Include="리소스 파일">
      <UniqueIdentifier>{67DA6AB6-F800-4c08-8B7A-83BB121AAD01}</UniqueIdentifier>
      <Extensions>rc;ico;cur;bmp;dlg;rc2;rct;bin;rgs;gif;jpg;jpeg;jpe;resx;tiff;tif;png;wav;mfcribbon-ms</Extensions>
    </Filter>
    <Filter Include="GameCpp">
      <UniqueIdentifier>{ac477bcf-40af-4c05-9c81-46ed68dd2ea0}</UniqueIdentifier>
    </Filter>
    <Filter Include="GameHeader">
      <UniqueIdentifier>{79c47a10-f48a-46c1-b2f7-d6b39892d976}</UniqueIdentifier>
    </Filter>
    <Filter Include="TextureLoad">
      <UniqueIdentifier>{7a2a142c-3beb-4d3a-a2a3-c2e15c6ce7a2}</UniqueIdentifier>
    </Filter>
    <Filter Include="GameManagerCpp">
      <UniqueIdentifier>{e929e6e4-9085-4b9d-9f6a-f40ca11f3be2}</UniqueIdentifier>
    </Filter>
    <Filter Include="GameManagerHeader">
      <UniqueIdentifier>{946bcad3-6b7b-42fc-ada6-27955cfe7d08}</UniqueIdentifier>
    </Filter>
  </ItemGroup>
  <ItemGroup>
    <ClInclude Include="stdafx.h">
      <Filter>헤더 파일</Filter>
    </ClInclude>
    <ClInclude Include="targetver.h">
      <Filter>헤더 파일</Filter>
    </ClInclude>
    <ClInclude Include="Resource.h">
      <Filter>헤더 파일</Filter>
    </ClInclude>
    <ClInclude Include="D3Device.h">
      <Filter>헤더 파일</Filter>
    </ClInclude>
    <ClInclude Include="d3dx12.h">
      <Filter>헤더 파일</Filter>
    </ClInclude>
    <ClInclude Include="ColonyFramework.h">
      <Filter>GameHeader</Filter>
    </ClInclude>
    <ClInclude Include="ColonyMesh.h">
      <Filter>GameHeader</Filter>
    </ClInclude>
    <ClInclude Include="Colony.h">
      <Filter>헤더 파일</Filter>
    </ClInclude>
    <ClInclude Include="DDSTextureLoader.h">
      <Filter>TextureLoad</Filter>
    </ClInclude>
    <ClInclude Include="ColonyGameObject.h">
      <Filter>GameHeader</Filter>
    </ClInclude>
    <ClInclude Include="ColonyCamera.h">
      <Filter>GameHeader</Filter>
    </ClInclude>
    <ClInclude Include="ColonyTimer.h">
      <Filter>GameHeader</Filter>
    </ClInclude>
    <ClInclude Include="DDSTextureLoader12.h">
      <Filter>TextureLoad</Filter>
    </ClInclude>
    <ClInclude Include="WICTextureLoader12.h">
      <Filter>TextureLoad</Filter>
    </ClInclude>
    <ClInclude Include="ColonyShader.h">
      <Filter>GameHeader</Filter>
    </ClInclude>
    <ClInclude Include="ColonyScene.h">
      <Filter>GameHeader</Filter>
    </ClInclude>
    <ClInclude Include="ColonyPlayer.h">
      <Filter>GameHeader</Filter>
    </ClInclude>
    <ClInclude Include="ResourceManager.h">
      <Filter>GameManagerHeader</Filter>
    </ClInclude>
    <ClInclude Include="UserDefineType.h">
      <Filter>헤더 파일</Filter>
    </ClInclude>
    <ClInclude Include="UiManager.h">
      <Filter>GameManagerHeader</Filter>
    </ClInclude>
  </ItemGroup>
  <ItemGroup>
    <ClCompile Include="Colony.cpp">
      <Filter>소스 파일</Filter>
    </ClCompile>
    <ClCompile Include="D3Device.cpp">
      <Filter>소스 파일</Filter>
    </ClCompile>
    <ClCompile Include="ColonyFramework.cpp">
      <Filter>GameCpp</Filter>
    </ClCompile>
    <ClCompile Include="ColonyMesh.cpp">
      <Filter>GameCpp</Filter>
    </ClCompile>
    <ClCompile Include="DDSTextureLoader.cpp">
      <Filter>TextureLoad</Filter>
    </ClCompile>
    <ClCompile Include="ColonyGameObject.cpp">
      <Filter>GameCpp</Filter>
    </ClCompile>
    <ClCompile Include="ColonyCamera.cpp">
      <Filter>GameCpp</Filter>
    </ClCompile>
    <ClCompile Include="ColonyTimer.cpp">
      <Filter>GameCpp</Filter>
    </ClCompile>
    <ClCompile Include="stdafx.cpp">
      <Filter>소스 파일</Filter>
    </ClCompile>
    <ClCompile Include="WICTextureLoader12.cpp">
      <Filter>TextureLoad</Filter>
    </ClCompile>
    <ClCompile Include="DDSTextureLoader12.cpp">
      <Filter>TextureLoad</Filter>
    </ClCompile>
    <ClCompile Include="ColonyShader.cpp">
      <Filter>GameCpp</Filter>
    </ClCompile>
    <ClCompile Include="ColonyScene.cpp">
      <Filter>GameCpp</Filter>
    </ClCompile>
    <ClCompile Include="ColonyPlayer.cpp">
      <Filter>GameCpp</Filter>
    </ClCompile>
    <ClCompile Include="ResourceManager.cpp">
      <Filter>GameManagerCpp</Filter>
    </ClCompile>
    <ClCompile Include="UiManager.cpp">
      <Filter>GameManagerCpp</Filter>
    </ClCompile>
  </ItemGroup>
  <ItemGroup>
    <ResourceCompile Include="Colony.rc">
      <Filter>리소스 파일</Filter>
    </ResourceCompile>
  </ItemGroup>
  <ItemGroup>
    <Image Include="small.ico">
      <Filter>리소스 파일</Filter>
    </Image>
    <Image Include="Colony.ico">
      <Filter>리소스 파일</Filter>
    </Image>
  </ItemGroup>
</Project>